PODS:
  - CarouselSwipeView (1.0.1):
    - Kingfisher (= 4.1.0)
  - Kingfisher (4.1.0)

DEPENDENCIES:
  - CarouselSwipeView (from `../`)

SPEC REPOS:
  trunk:
    - Kingfisher

EXTERNAL SOURCES:
  CarouselSwipeView:
    :path: "../"

SPEC CHECKSUMS:
  CarouselSwipeView: e0e0fcc64d7c6c49689675fc44638df949846981
  Kingfisher: f14df8cbe576bf55f211fa589e9869bceb4ea87d

PODFILE CHECKSUM: 904cc4686d0019baa4adecfda85076990fa1313d

COCOAPODS: 1.15.2
