PODS:
  - CarouselSwipeView (1.0.4):
    - Kingfisher
  - Kingfisher (4.1.0)

DEPENDENCIES:
  - CarouselSwipeView (from `../`)

SPEC REPOS:
  trunk:
    - Kingfisher

EXTERNAL SOURCES:
  CarouselSwipeView:
    :path: "../"

SPEC CHECKSUMS:
  CarouselSwipeView: 3c852f9038c9753f2f8d678f83a9dfd046dafad1
  Kingfisher: f14df8cbe576bf55f211fa589e9869bceb4ea87d

PODFILE CHECKSUM: 904cc4686d0019baa4adecfda85076990fa1313d

COCOAPODS: 1.15.2
